
Microsoft Visual Studio Solution File, Format Version 12.00
# Visual Studio 2013
VisualStudioVersion = 12.0.31101.0
MinimumVisualStudioVersion = 10.0.40219.1
Project("{FAE04EC0-301F-11D3-BF4B-00C04F79EFBC}") = "GameOfLife Forms", "GameOfLife Forms\GameOfLife Forms.csproj", "{31E844AB-2DB1-41E9-8123-A78BE866BD2C}"
EndProject
Project("{FAE04EC0-301F-11D3-BF4B-00C04F79EFBC}") = "Model", "Model\Model.csproj", "{98B4F57E-4613-4627-8738-7FC6ED85AC31}"
EndProject
Global
	GlobalSection(SolutionConfigurationPlatforms) = preSolution
		Debug|Any CPU = Debug|Any CPU
		Release|Any CPU = Release|Any CPU
	EndGlobalSection
	GlobalSection(ProjectConfigurationPlatforms) = postSolution
		{31E844AB-2DB1-41E9-8123-A78BE866BD2C}.Debug|Any CPU.ActiveCfg = Debug|Any CPU
		{31E844AB-2DB1-41E9-8123-A78BE866BD2C}.Debug|Any CPU.Build.0 = Debug|Any CPU
		{31E844AB-2DB1-41E9-8123-A78BE866BD2C}.Release|Any CPU.ActiveCfg = Release|Any CPU
		{31E844AB-2DB1-41E9-8123-A78BE866BD2C}.Release|Any CPU.Build.0 = Release|Any CPU
		{98B4F57E-4613-4627-8738-7FC6ED85AC31}.Debug|Any CPU.ActiveCfg = Debug|Any CPU
		{98B4F57E-4613-4627-8738-7FC6ED85AC31}.Debug|Any CPU.Build.0 = Debug|Any CPU
		{98B4F57E-4613-4627-8738-7FC6ED85AC31}.Release|Any CPU.ActiveCfg = Release|Any CPU
		{98B4F57E-4613-4627-8738-7FC6ED85AC31}.Release|Any CPU.Build.0 = Release|Any CPU
	EndGlobalSection
	GlobalSection(SolutionProperties) = preSolution
		HideSolutionNode = FALSE
	EndGlobalSection
EndGlobal
